// !$*UTF8*$!
{
	archiveVersion = 1;
	classes = {
	};
	objectVersion = 77;
	objects = {

/* Begin PBXContainerItemProxy section */
		2B1BE9B12F683FB100B17D4A /* PBXContainerItemProxy */ = {
			isa = PBXContainerItemProxy;
			containerPortal = 2B1BE9992F683FAF00B17D4A /* Project object */;
			proxyType = 1;
			remoteGlobalIDString = 2B1BE9A02F683FAF00B17D4A;
			remoteInfo = HabitLand;
		};
		2B1BE9BB2F683FB100B17D4A /* PBXContainerItemProxy */ = {
			isa = PBXContainerItemProxy;
			containerPortal = 2B1BE9992F683FAF00B17D4A /* Project object */;
			proxyType = 1;
			remoteGlobalIDString = 2B1BE9A02F683FAF00B17D4A;
			remoteInfo = HabitLand;
		};
		AA1BE9DB2F68400100B17D4A /* PBXContainerItemProxy */ = {
			isa = PBXContainerItemProxy;
			containerPortal = 2B1BE9992F683FAF00B17D4A /* Project object */;
			proxyType = 1;
			remoteGlobalIDString = AA1BE9D62F68400100B17D4A;
			remoteInfo = HabitLandWidgetExtension;
		};
/* End PBXContainerItemProxy section */

/* Begin PBXCopyFilesBuildPhase section */
		AA1BE9DA2F68400100B17D4A /* Embed Foundation Extensions */ = {
			isa = PBXCopyFilesBuildPhase;
			buildActionMask = 2147483647;
			dstPath = "";
			dstSubfolderSpec = 13;
			files = (
			);
			name = "Embed Foundation Extensions";
			runOnlyForDeploymentPostprocessing = 0;
		};
/* End PBXCopyFilesBuildPhase section */

/* Begin PBXFileReference section */
		2B1BE9A12F683FAF00B17D4A /* HabitLand.app */ = {isa = PBXFileReference; explicitFileType = wrapper.application; includeInIndex = 0; path = HabitLand.app; sourceTree = BUILT_PRODUCTS_DIR; };
		2B1BE9B02F683FB100B17D4A /* HabitLandTests.xctest */ = {isa = PBXFileReference; explicitFileType = wrapper.cfbundle; includeInIndex = 0; path = HabitLandTests.xctest; sourceTree = BUILT_PRODUCTS_DIR; };
		2B1BE9BA2F683FB100B17D4A /* HabitLandUITests.xctest */ = {isa = PBXFileReference; explicitFileType = wrapper.cfbundle; includeInIndex = 0; path = HabitLandUITests.xctest; sourceTree = BUILT_PRODUCTS_DIR; };
		AA1BE9D12F68400100B17D4A /* HabitLandWidgetExtension.appex */ = {isa = PBXFileReference; explicitFileType = "wrapper.app-extension"; includeInIndex = 0; path = HabitLandWidgetExtension.appex; sourceTree = BUILT_PRODUCTS_DIR; };
		BB1BE9E12F68500100B17D4A /* HabitLandWatch Watch App.app */ = {isa = PBXFileReference; explicitFileType = wrapper.application; includeInIndex = 0; path = "HabitLandWatch Watch App.app"; sourceTree = BUILT_PRODUCTS_DIR; };
/* End PBXFileReference section */

/* Begin PBXFileSystemSynchronizedBuildFileExceptionSet section */
		AA1BE9DD2F68400100B17D4A /* Exceptions for "HabitLand" folder in "HabitLandWidgetExtension" target */ = {
			isa = PBXFileSystemSynchronizedBuildFileExceptionSet;
			membershipExceptions = (
				Models/Models.swift,
				Services/SharedModelContainer.swift,
			);
			target = AA1BE9D62F68400100B17D4A /* HabitLandWidgetExtension */;
		};
		BB1BE9ED2F68500100B17D4A /* Exceptions for "HabitLand" folder in "HabitLandWatch Watch App" target */ = {
			isa = PBXFileSystemSynchronizedBuildFileExceptionSet;
			membershipExceptions = (
				Models/Models.swift,
				Services/SharedModelContainer.swift,
			);
			target = BB1BE9E62F68500100B17D4A /* HabitLandWatch Watch App */;
		};
/* End PBXFileSystemSynchronizedBuildFileExceptionSet section */

/* Begin PBXFileSystemSynchronizedRootGroup section */
		2B1BE9A32F683FAF00B17D4A /* HabitLand */ = {
			isa = PBXFileSystemSynchronizedRootGroup;
			exceptions = (
				AA1BE9DD2F68400100B17D4A /* Exceptions for "HabitLand" folder in "HabitLandWidgetExtension" target */,
				BB1BE9ED2F68500100B17D4A /* Exceptions for "HabitLand" folder in "HabitLandWatch Watch App" target */,
			);
			path = HabitLand;
			sourceTree = "<group>";
		};
		2B1BE9B32F683FB100B17D4A /* HabitLandTests */ = {
			isa = PBXFileSystemSynchronizedRootGroup;
			path = HabitLandTests;
			sourceTree = "<group>";
		};
		2B1BE9BD2F683FB100B17D4A /* HabitLandUITests */ = {
			isa = PBXFileSystemSynchronizedRootGroup;
			path = HabitLandUITests;
			sourceTree = "<group>";
		};
		AA1BE9D22F68400100B17D4A /* HabitLandWidget */ = {
			isa = PBXFileSystemSynchronizedRootGroup;
			path = HabitLandWidget;
			sourceTree = "<group>";
		};
		BB1BE9E22F68500100B17D4A /* HabitLandWatch */ = {
			isa = PBXFileSystemSynchronizedRootGroup;
			path = HabitLandWatch;
			sourceTree = "<group>";
		};
/* End PBXFileSystemSynchronizedRootGroup section */

/* Begin PBXFrameworksBuildPhase section */
		2B1BE99E2F683FAF00B17D4A /* Frameworks */ = {
			isa = PBXFrameworksBuildPhase;
			buildActionMask = 2147483647;
			files = (
			);
			runOnlyForDeploymentPostprocessing = 0;
		};
		2B1BE9AD2F683FB100B17D4A /* Frameworks */ = {
			isa = PBXFrameworksBuildPhase;
			buildActionMask = 2147483647;
			files = (
			);
			runOnlyForDeploymentPostprocessing = 0;
		};
		2B1BE9B72F683FB100B17D4A /* Frameworks */ = {
			isa = PBXFrameworksBuildPhase;
			buildActionMask = 2147483647;
			files = (
			);
			runOnlyForDeploymentPostprocessing = 0;
		};
		AA1BE9D42F68400100B17D4A /* Frameworks */ = {
			isa = PBXFrameworksBuildPhase;
			buildActionMask = 2147483647;
			files = (
			);
			runOnlyForDeploymentPostprocessing = 0;
		};
		BB1BE9E42F68500100B17D4A /* Frameworks */ = {
			isa = PBXFrameworksBuildPhase;
			buildActionMask = 2147483647;
			files = (
			);
			runOnlyForDeploymentPostprocessing = 0;
		};
/* End PBXFrameworksBuildPhase section */

/* Begin PBXGroup section */
		2B1BE9982F683FAF00B17D4A = {
			isa = PBXGroup;
			children = (
				2B1BE9A32F683FAF00B17D4A /* HabitLand */,
				AA1BE9D22F68400100B17D4A /* HabitLandWidget */,
				BB1BE9E22F68500100B17D4A /* HabitLandWatch */,
				2B1BE9B32F683FB100B17D4A /* HabitLandTests */,
				2B1BE9BD2F683FB100B17D4A /* HabitLandUITests */,
				2B1BE9A22F683FAF00B17D4A /* Products */,
			);
			sourceTree = "<group>";
		};
		2B1BE9A22F683FAF00B17D4A /* Products */ = {
			isa = PBXGroup;
			children = (
				2B1BE9A12F683FAF00B17D4A /* HabitLand.app */,
				AA1BE9D12F68400100B17D4A /* HabitLandWidgetExtension.appex */,
				BB1BE9E12F68500100B17D4A /* HabitLandWatch Watch App.app */,
				2B1BE9B02F683FB100B17D4A /* HabitLandTests.xctest */,
				2B1BE9BA2F683FB100B17D4A /* HabitLandUITests.xctest */,
			);
			name = Products;
			sourceTree = "<group>";
		};
/* End PBXGroup section */

/* Begin PBXNativeTarget section */
		2B1BE9A02F683FAF00B17D4A /* HabitLand */ = {
			isa = PBXNativeTarget;
			buildConfigurationList = 2B1BE9C42F683FB100B17D4A /* Build configuration list for PBXNativeTarget "HabitLand" */;
			buildPhases = (
				2B1BE99D2F683FAF00B17D4A /* Sources */,
				2B1BE99E2F683FAF00B17D4A /* Frameworks */,
				2B1BE99F2F683FAF00B17D4A /* Resources */,
				AA1BE9DA2F68400100B17D4A /* Embed Foundation Extensions */,
			);
			buildRules = (
			);
			dependencies = (
				AA1BE9DC2F68400100B17D4A /* PBXTargetDependency */,
			);
			fileSystemSynchronizedGroups = (
				2B1BE9A32F683FAF00B17D4A /* HabitLand */,
			);
			name = HabitLand;
			packageProductDependencies = (
			);
			productName = HabitLand;
			productReference = 2B1BE9A12F683FAF00B17D4A /* HabitLand.app */;
			productType = "com.apple.product-type.application";
		};
		2B1BE9AF2F683FB100B17D4A /* HabitLandTests */ = {
			isa = PBXNativeTarget;
			buildConfigurationList = 2B1BE9C72F683FB100B17D4A /* Build configuration list for PBXNativeTarget "HabitLandTests" */;
			buildPhases = (
				2B1BE9AC2F683FB100B17D4A /* Sources */,
				2B1BE9AD2F683FB100B17D4A /* Frameworks */,
				2B1BE9AE2F683FB100B17D4A /* Resources */,
			);
			buildRules = (
			);
			dependencies = (
				2B1BE9B22F683FB100B17D4A /* PBXTargetDependency */,
			);
			fileSystemSynchronizedGroups = (
				2B1BE9B32F683FB100B17D4A /* HabitLandTests */,
			);
			name = HabitLandTests;
			packageProductDependencies = (
			);
			productName = HabitLandTests;
			productReference = 2B1BE9B02F683FB100B17D4A /* HabitLandTests.xctest */;
			productType = "com.apple.product-type.bundle.unit-test";
		};
		2B1BE9B92F683FB100B17D4A /* HabitLandUITests */ = {
			isa = PBXNativeTarget;
			buildConfigurationList = 2B1BE9CA2F683FB100B17D4A /* Build configuration list for PBXNativeTarget "HabitLandUITests" */;
			buildPhases = (
				2B1BE9B62F683FB100B17D4A /* Sources */,
				2B1BE9B72F683FB100B17D4A /* Frameworks */,
				2B1BE9B82F683FB100B17D4A /* Resources */,
			);
			buildRules = (
			);
			dependencies = (
				2B1BE9BC2F683FB100B17D4A /* PBXTargetDependency */,
			);
			fileSystemSynchronizedGroups = (
				2B1BE9BD2F683FB100B17D4A /* HabitLandUITests */,
			);
			name = HabitLandUITests;
			packageProductDependencies = (
			);
			productName = HabitLandUITests;
			productReference = 2B1BE9BA2F683FB100B17D4A /* HabitLandUITests.xctest */;
			productType = "com.apple.product-type.bundle.ui-testing";
		};
		AA1BE9D62F68400100B17D4A /* HabitLandWidgetExtension */ = {
			isa = PBXNativeTarget;
			buildConfigurationList = AA1BE9D92F68400100B17D4A /* Build configuration list for PBXNativeTarget "HabitLandWidgetExtension" */;
			buildPhases = (
				AA1BE9D32F68400100B17D4A /* Sources */,
				AA1BE9D42F68400100B17D4A /* Frameworks */,
				AA1BE9D52F68400100B17D4A /* Resources */,
			);
			buildRules = (
			);
			dependencies = (
			);
			fileSystemSynchronizedGroups = (
				AA1BE9D22F68400100B17D4A /* HabitLandWidget */,
			);
			name = HabitLandWidgetExtension;
			packageProductDependencies = (
			);
			productName = HabitLandWidgetExtension;
			productReference = AA1BE9D12F68400100B17D4A /* HabitLandWidgetExtension.appex */;
			productType = "com.apple.product-type.app-extension";
		};
		BB1BE9E62F68500100B17D4A /* HabitLandWatch Watch App */ = {
			isa = PBXNativeTarget;
			buildConfigurationList = BB1BE9E92F68500100B17D4A /* Build configuration list for PBXNativeTarget "HabitLandWatch Watch App" */;
			buildPhases = (
				BB1BE9E32F68500100B17D4A /* Sources */,
				BB1BE9E42F68500100B17D4A /* Frameworks */,
				BB1BE9E52F68500100B17D4A /* Resources */,
			);
			buildRules = (
			);
			dependencies = (
			);
			fileSystemSynchronizedGroups = (
				BB1BE9E22F68500100B17D4A /* HabitLandWatch */,
			);
			name = "HabitLandWatch Watch App";
			packageProductDependencies = (
			);
			productName = "HabitLandWatch Watch App";
			productReference = BB1BE9E12F68500100B17D4A /* HabitLandWatch Watch App.app */;
			productType = "com.apple.product-type.application";
		};
/* End PBXNativeTarget section */

/* Begin PBXProject section */
		2B1BE9992F683FAF00B17D4A /* Project object */ = {
			isa = PBXProject;
			attributes = {
				BuildIndependentTargetsInParallel = 1;
				LastSwiftUpdateCheck = 1640;
				LastUpgradeCheck = 1640;
				TargetAttributes = {
					2B1BE9A02F683FAF00B17D4A = {
						CreatedOnToolsVersion = 16.4;
					};
					2B1BE9AF2F683FB100B17D4A = {
						CreatedOnToolsVersion = 16.4;
						TestTargetID = 2B1BE9A02F683FAF00B17D4A;
					};
					2B1BE9B92F683FB100B17D4A = {
						CreatedOnToolsVersion = 16.4;
						TestTargetID = 2B1BE9A02F683FAF00B17D4A;
					};
					AA1BE9D62F68400100B17D4A = {
						CreatedOnToolsVersion = 16.4;
					};
					BB1BE9E62F68500100B17D4A = {
						CreatedOnToolsVersion = 16.4;
					};
				};
			};
			buildConfigurationList = 2B1BE99C2F683FAF00B17D4A /* Build configuration list for PBXProject "HabitLand" */;
			developmentRegion = en;
			hasScannedForEncodings = 0;
			knownRegions = (
				en,
				Base,
				tr,
			);
			mainGroup = 2B1BE9982F683FAF00B17D4A;
			minimizedProjectReferenceProxies = 1;
			preferredProjectObjectVersion = 77;
			productRefGroup = 2B1BE9A22F683FAF00B17D4A /* Products */;
			projectDirPath = "";
			projectRoot = "";
			targets = (
				2B1BE9A02F683FAF00B17D4A /* HabitLand */,
				AA1BE9D62F68400100B17D4A /* HabitLandWidgetExtension */,
				BB1BE9E62F68500100B17D4A /* HabitLandWatch Watch App */,
				2B1BE9AF2F683FB100B17D4A /* HabitLandTests */,
				2B1BE9B92F683FB100B17D4A /* HabitLandUITests */,
			);
		};
/* End PBXProject section */

/* Begin PBXResourcesBuildPhase section */
		2B1BE99F2F683FAF00B17D4A /* Resources */ = {
			isa = PBXResourcesBuildPhase;
			buildActionMask = 2147483647;
			files = (
			);
			runOnlyForDeploymentPostprocessing = 0;
		};
		2B1BE9AE2F683FB100B17D4A /* Resources */ = {
			isa = PBXResourcesBuildPhase;
			buildActionMask = 2147483647;
			files = (
			);
			runOnlyForDeploymentPostprocessing = 0;
		};
		2B1BE9B82F683FB100B17D4A /* Resources */ = {
			isa = PBXResourcesBuildPhase;
			buildActionMask = 2147483647;
			files = (
			);
			runOnlyForDeploymentPostprocessing = 0;
		};
		AA1BE9D52F68400100B17D4A /* Resources */ = {
			isa = PBXResourcesBuildPhase;
			buildActionMask = 2147483647;
			files = (
			);
			runOnlyForDeploymentPostprocessing = 0;
		};
		BB1BE9E52F68500100B17D4A /* Resources */ = {
			isa = PBXResourcesBuildPhase;
			buildActionMask = 2147483647;
			files = (
			);
			runOnlyForDeploymentPostprocessing = 0;
		};
/* End PBXResourcesBuildPhase section */

/* Begin PBXSourcesBuildPhase section */
		2B1BE99D2F683FAF00B17D4A /* Sources */ = {
			isa = PBXSourcesBuildPhase;
			buildActionMask = 2147483647;
			files = (
			);
			runOnlyForDeploymentPostprocessing = 0;
		};
		2B1BE9AC2F683FB100B17D4A /* Sources */ = {
			isa = PBXSourcesBuildPhase;
			buildActionMask = 2147483647;
			files = (
			);
			runOnlyForDeploymentPostprocessing = 0;
		};
		2B1BE9B62F683FB100B17D4A /* Sources */ = {
			isa = PBXSourcesBuildPhase;
			buildActionMask = 2147483647;
			files = (
			);
			runOnlyForDeploymentPostprocessing = 0;
		};
		AA1BE9D32F68400100B17D4A /* Sources */ = {
			isa = PBXSourcesBuildPhase;
			buildActionMask = 2147483647;
			files = (
			);
			runOnlyForDeploymentPostprocessing = 0;
		};
		BB1BE9E32F68500100B17D4A /* Sources */ = {
			isa = PBXSourcesBuildPhase;
			buildActionMask = 2147483647;
			files = (
			);
			runOnlyForDeploymentPostprocessing = 0;
		};
/* End PBXSourcesBuildPhase section */

/* Begin PBXTargetDependency section */
		2B1BE9B22F683FB100B17D4A /* PBXTargetDependency */ = {
			isa = PBXTargetDependency;
			target = 2B1BE9A02F683FAF00B17D4A /* HabitLand */;
			targetProxy = 2B1BE9B12F683FB100B17D4A /* PBXContainerItemProxy */;
		};
		2B1BE9BC2F683FB100B17D4A /* PBXTargetDependency */ = {
			isa = PBXTargetDependency;
			target = 2B1BE9A02F683FAF00B17D4A /* HabitLand */;
			targetProxy = 2B1BE9BB2F683FB100B17D4A /* PBXContainerItemProxy */;
		};
		AA1BE9DC2F68400100B17D4A /* PBXTargetDependency */ = {
			isa = PBXTargetDependency;
			target = AA1BE9D62F68400100B17D4A /* HabitLandWidgetExtension */;
			targetProxy = AA1BE9DB2F68400100B17D4A /* PBXContainerItemProxy */;
		};
/* End PBXTargetDependency section */

/* Begin XCBuildConfiguration section */
		2B1BE9C22F683FB100B17D4A /* Debug */ = {
			isa = XCBuildConfiguration;
			buildSettings = {
				ALWAYS_SEARCH_USER_PATHS = NO;
				ASSETCATALOG_COMPILER_GENERATE_SWIFT_ASSET_SYMBOL_EXTENSIONS = YES;
				CLANG_ANALYZER_NONNULL = YES;
				CLANG_ANALYZER_NUMBER_OBJECT_CONVERSION = YES_AGGRESSIVE;
				CLANG_CXX_LANGUAGE_STANDARD = "gnu++20";
				CLANG_ENABLE_MODULES = YES;
				CLANG_ENABLE_OBJC_ARC = YES;
				CLANG_ENABLE_OBJC_WEAK = YES;
				CLANG_WARN_BLOCK_CAPTURE_AUTORELEASING = YES;
				CLANG_WARN_BOOL_CONVERSION = YES;
				CLANG_WARN_COMMA = YES;
				CLANG_WARN_CONSTANT_CONVERSION = YES;
				CLANG_WARN_DEPRECATED_OBJC_IMPLEMENTATIONS = YES;
				CLANG_WARN_DIRECT_OBJC_ISA_USAGE = YES_ERROR;
				CLANG_WARN_DOCUMENTATION_COMMENTS = YES;
				CLANG_WARN_EMPTY_BODY = YES;
				CLANG_WARN_ENUM_CONVERSION = YES;
				CLANG_WARN_INFINITE_RECURSION = YES;
				CLANG_WARN_INT_CONVERSION = YES;
				CLANG_WARN_NON_LITERAL_NULL_CONVERSION = YES;
				CLANG_WARN_OBJC_IMPLICIT_RETAIN_SELF = YES;
				CLANG_WARN_OBJC_LITERAL_CONVERSION = YES;
				CLANG_WARN_OBJC_ROOT_CLASS = YES_ERROR;
				CLANG_WARN_QUOTED_INCLUDE_IN_FRAMEWORK_HEADER = YES;
				CLANG_WARN_RANGE_LOOP_ANALYSIS = YES;
				CLANG_WARN_STRICT_PROTOTYPES = YES;
				CLANG_WARN_SUSPICIOUS_MOVE = YES;
				CLANG_WARN_UNGUARDED_AVAILABILITY = YES_AGGRESSIVE;
				CLANG_WARN_UNREACHABLE_CODE = YES;
				CLANG_WARN__DUPLICATE_METHOD_MATCH = YES;
				COPY_PHASE_STRIP = NO;
				DEBUG_INFORMATION_FORMAT = dwarf;
				ENABLE_STRICT_OBJC_MSGSEND = YES;
				ENABLE_TESTABILITY = YES;
				ENABLE_USER_SCRIPT_SANDBOXING = YES;
				GCC_C_LANGUAGE_STANDARD = gnu17;
				GCC_DYNAMIC_NO_PIC = NO;
				GCC_NO_COMMON_BLOCKS = YES;
				GCC_OPTIMIZATION_LEVEL = 0;
				GCC_PREPROCESSOR_DEFINITIONS = (
					"DEBUG=1",
					"$(inherited)",
				);
				GCC_WARN_64_TO_32_BIT_CONVERSION = YES;
				GCC_WARN_ABOUT_RETURN_TYPE = YES_ERROR;
				GCC_WARN_UNDECLARED_SELECTOR = YES;
				GCC_WARN_UNINITIALIZED_AUTOS = YES_AGGRESSIVE;
				GCC_WARN_UNUSED_FUNCTION = YES;
				GCC_WARN_UNUSED_VARIABLE = YES;
				IPHONEOS_DEPLOYMENT_TARGET = 17.0;
				LOCALIZATION_PREFERS_STRING_CATALOGS = YES;
				MTL_ENABLE_DEBUG_INFO = INCLUDE_SOURCE;
				MTL_FAST_MATH = YES;
				ONLY_ACTIVE_ARCH = YES;
				SDKROOT = iphoneos;
				SWIFT_ACTIVE_COMPILATION_CONDITIONS = "DEBUG $(inherited)";
				SWIFT_OPTIMIZATION_LEVEL = "-Onone";
			};
			name = Debug;
		};
		2B1BE9C32F683FB100B17D4A /* Release */ = {
			isa = XCBuildConfiguration;
			buildSettings = {
				ALWAYS_SEARCH_USER_PATHS = NO;
				ASSETCATALOG_COMPILER_GENERATE_SWIFT_ASSET_SYMBOL_EXTENSIONS = YES;
				CLANG_ANALYZER_NONNULL = YES;
				CLANG_ANALYZER_NUMBER_OBJECT_CONVERSION = YES_AGGRESSIVE;
				CLANG_CXX_LANGUAGE_STANDARD = "gnu++20";
				CLANG_ENABLE_MODULES = YES;
				CLANG_ENABLE_OBJC_ARC = YES;
				CLANG_ENABLE_OBJC_WEAK = YES;
				CLANG_WARN_BLOCK_CAPTURE_AUTORELEASING = YES;
				CLANG_WARN_BOOL_CONVERSION = YES;
				CLANG_WARN_COMMA = YES;
				CLANG_WARN_CONSTANT_CONVERSION = YES;
				CLANG_WARN_DEPRECATED_OBJC_IMPLEMENTATIONS = YES;
				CLANG_WARN_DIRECT_OBJC_ISA_USAGE = YES_ERROR;
				CLANG_WARN_DOCUMENTATION_COMMENTS = YES;
				CLANG_WARN_EMPTY_BODY = YES;
				CLANG_WARN_ENUM_CONVERSION = YES;
				CLANG_WARN_INFINITE_RECURSION = YES;
				CLANG_WARN_INT_CONVERSION = YES;
				CLANG_WARN_NON_LITERAL_NULL_CONVERSION = YES;
				CLANG_WARN_OBJC_IMPLICIT_RETAIN_SELF = YES;
				CLANG_WARN_OBJC_LITERAL_CONVERSION = YES;
				CLANG_WARN_OBJC_ROOT_CLASS = YES_ERROR;
				CLANG_WARN_QUOTED_INCLUDE_IN_FRAMEWORK_HEADER = YES;
				CLANG_WARN_RANGE_LOOP_ANALYSIS = YES;
				CLANG_WARN_STRICT_PROTOTYPES = YES;
				CLANG_WARN_SUSPICIOUS_MOVE = YES;
				CLANG_WARN_UNGUARDED_AVAILABILITY = YES_AGGRESSIVE;
				CLANG_WARN_UNREACHABLE_CODE = YES;
				CLANG_WARN__DUPLICATE_METHOD_MATCH = YES;
				COPY_PHASE_STRIP = NO;
				DEBUG_INFORMATION_FORMAT = "dwarf-with-dsym";
				ENABLE_NS_ASSERTIONS = NO;
				ENABLE_STRICT_OBJC_MSGSEND = YES;
				ENABLE_USER_SCRIPT_SANDBOXING = YES;
				GCC_C_LANGUAGE_STANDARD = gnu17;
				GCC_NO_COMMON_BLOCKS = YES;
				GCC_WARN_64_TO_32_BIT_CONVERSION = YES;
				GCC_WARN_ABOUT_RETURN_TYPE = YES_ERROR;
				GCC_WARN_UNDECLARED_SELECTOR = YES;
				GCC_WARN_UNINITIALIZED_AUTOS = YES_AGGRESSIVE;
				GCC_WARN_UNUSED_FUNCTION = YES;
				GCC_WARN_UNUSED_VARIABLE = YES;
				IPHONEOS_DEPLOYMENT_TARGET = 17.0;
				LOCALIZATION_PREFERS_STRING_CATALOGS = YES;
				MTL_ENABLE_DEBUG_INFO = NO;
				MTL_FAST_MATH = YES;
				SDKROOT = iphoneos;
				SWIFT_COMPILATION_MODE = wholemodule;
				VALIDATE_PRODUCT = YES;
			};
			name = Release;
		};
		2B1BE9C52F683FB100B17D4A /* Debug */ = {
			isa = XCBuildConfiguration;
			buildSettings = {
				ASSETCATALOG_COMPILER_APPICON_NAME = AppIcon;
				ASSETCATALOG_COMPILER_GLOBAL_ACCENT_COLOR_NAME = AccentColor;
				CODE_SIGN_ENTITLEMENTS = HabitLand/HabitLand.entitlements;
				CODE_SIGN_STYLE = Automatic;
				CURRENT_PROJECT_VERSION = 1;
				DEVELOPMENT_TEAM = 32SSMH2HFF;
				ENABLE_PREVIEWS = YES;
				GENERATE_INFOPLIST_FILE = YES;
				INFOPLIST_KEY_ITSAppUsesNonExemptEncryption = NO;
				INFOPLIST_KEY_UIApplicationSceneManifest_Generation = YES;
				INFOPLIST_KEY_UIApplicationSupportsIndirectInputEvents = YES;
				"INFOPLIST_KEY_UILaunchScreen_Generation[sdk=iphoneos*]" = YES;
				"INFOPLIST_KEY_UILaunchScreen_Generation[sdk=iphonesimulator*]" = YES;
				INFOPLIST_KEY_UISupportedInterfaceOrientations_iPad = "UIInterfaceOrientationPortrait UIInterfaceOrientationPortraitUpsideDown UIInterfaceOrientationLandscapeLeft UIInterfaceOrientationLandscapeRight";
				INFOPLIST_KEY_UISupportedInterfaceOrientations_iPhone = "UIInterfaceOrientationPortrait UIInterfaceOrientationLandscapeLeft UIInterfaceOrientationLandscapeRight";
				LD_RUNPATH_SEARCH_PATHS = (
					"$(inherited)",
					"@executable_path/Frameworks",
				);
				MARKETING_VERSION = 1.0;
				PRODUCT_BUNDLE_IDENTIFIER = azc.HabitLand;
				PRODUCT_NAME = "$(TARGET_NAME)";
				SWIFT_EMIT_LOC_STRINGS = YES;
				SWIFT_VERSION = 5.0;
				TARGETED_DEVICE_FAMILY = "1,2";
			};
			name = Debug;
		};
		2B1BE9C62F683FB100B17D4A /* Release */ = {
			isa = XCBuildConfiguration;
			buildSettings = {
				ASSETCATALOG_COMPILER_APPICON_NAME = AppIcon;
				ASSETCATALOG_COMPILER_GLOBAL_ACCENT_COLOR_NAME = AccentColor;
				CODE_SIGN_ENTITLEMENTS = HabitLand/HabitLand.entitlements;
				CODE_SIGN_STYLE = Automatic;
				CURRENT_PROJECT_VERSION = 1;
				DEVELOPMENT_TEAM = 32SSMH2HFF;
				ENABLE_PREVIEWS = YES;
				GENERATE_INFOPLIST_FILE = YES;
				INFOPLIST_KEY_ITSAppUsesNonExemptEncryption = NO;
				INFOPLIST_KEY_UIApplicationSceneManifest_Generation = YES;
				INFOPLIST_KEY_UIApplicationSupportsIndirectInputEvents = YES;
				"INFOPLIST_KEY_UILaunchScreen_Generation[sdk=iphoneos*]" = YES;
				"INFOPLIST_KEY_UILaunchScreen_Generation[sdk=iphonesimulator*]" = YES;
				INFOPLIST_KEY_UISupportedInterfaceOrientations_iPad = "UIInterfaceOrientationPortrait UIInterfaceOrientationPortraitUpsideDown UIInterfaceOrientationLandscapeLeft UIInterfaceOrientationLandscapeRight";
				INFOPLIST_KEY_UISupportedInterfaceOrientations_iPhone = "UIInterfaceOrientationPortrait UIInterfaceOrientationLandscapeLeft UIInterfaceOrientationLandscapeRight";
				LD_RUNPATH_SEARCH_PATHS = (
					"$(inherited)",
					"@executable_path/Frameworks",
				);
				MARKETING_VERSION = 1.0;
				PRODUCT_BUNDLE_IDENTIFIER = azc.HabitLand;
				PRODUCT_NAME = "$(TARGET_NAME)";
				SWIFT_EMIT_LOC_STRINGS = YES;
				SWIFT_VERSION = 5.0;
				TARGETED_DEVICE_FAMILY = "1,2";
			};
			name = Release;
		};
		2B1BE9C82F683FB100B17D4A /* Debug */ = {
			isa = XCBuildConfiguration;
			buildSettings = {
				BUNDLE_LOADER = "$(TEST_HOST)";
				CODE_SIGN_STYLE = Automatic;
				CURRENT_PROJECT_VERSION = 1;
				GENERATE_INFOPLIST_FILE = YES;
				IPHONEOS_DEPLOYMENT_TARGET = 17.0;
				MARKETING_VERSION = 1.0;
				PRODUCT_BUNDLE_IDENTIFIER = azc.HabitLandTests;
				PRODUCT_NAME = "$(TARGET_NAME)";
				SWIFT_EMIT_LOC_STRINGS = NO;
				SWIFT_VERSION = 5.0;
				TARGETED_DEVICE_FAMILY = "1,2";
				TEST_HOST = "$(BUILT_PRODUCTS_DIR)/HabitLand.app/$(BUNDLE_EXECUTABLE_FOLDER_PATH)/HabitLand";
			};
			name = Debug;
		};
		2B1BE9C92F683FB100B17D4A /* Release */ = {
			isa = XCBuildConfiguration;
			buildSettings = {
				BUNDLE_LOADER = "$(TEST_HOST)";
				CODE_SIGN_STYLE = Automatic;
				CURRENT_PROJECT_VERSION = 1;
				GENERATE_INFOPLIST_FILE = YES;
				IPHONEOS_DEPLOYMENT_TARGET = 17.0;
				MARKETING_VERSION = 1.0;
				PRODUCT_BUNDLE_IDENTIFIER = azc.HabitLandTests;
				PRODUCT_NAME = "$(TARGET_NAME)";
				SWIFT_EMIT_LOC_STRINGS = NO;
				SWIFT_VERSION = 5.0;
				TARGETED_DEVICE_FAMILY = "1,2";
				TEST_HOST = "$(BUILT_PRODUCTS_DIR)/HabitLand.app/$(BUNDLE_EXECUTABLE_FOLDER_PATH)/HabitLand";
			};
			name = Release;
		};
		2B1BE9CB2F683FB100B17D4A /* Debug */ = {
			isa = XCBuildConfiguration;
			buildSettings = {
				CODE_SIGN_STYLE = Automatic;
				CURRENT_PROJECT_VERSION = 1;
				GENERATE_INFOPLIST_FILE = YES;
				MARKETING_VERSION = 1.0;
				PRODUCT_BUNDLE_IDENTIFIER = azc.HabitLandUITests;
				PRODUCT_NAME = "$(TARGET_NAME)";
				SWIFT_EMIT_LOC_STRINGS = NO;
				SWIFT_VERSION = 5.0;
				TARGETED_DEVICE_FAMILY = "1,2";
				TEST_TARGET_NAME = HabitLand;
			};
			name = Debug;
		};
		2B1BE9CC2F683FB100B17D4A /* Release */ = {
			isa = XCBuildConfiguration;
			buildSettings = {
				CODE_SIGN_STYLE = Automatic;
				CURRENT_PROJECT_VERSION = 1;
				GENERATE_INFOPLIST_FILE = YES;
				MARKETING_VERSION = 1.0;
				PRODUCT_BUNDLE_IDENTIFIER = azc.HabitLandUITests;
				PRODUCT_NAME = "$(TARGET_NAME)";
				SWIFT_EMIT_LOC_STRINGS = NO;
				SWIFT_VERSION = 5.0;
				TARGETED_DEVICE_FAMILY = "1,2";
				TEST_TARGET_NAME = HabitLand;
			};
			name = Release;
		};
		AA1BE9D72F68400100B17D4A /* Debug */ = {
			isa = XCBuildConfiguration;
			buildSettings = {
				ASSETCATALOG_COMPILER_GLOBAL_ACCENT_COLOR_NAME = AccentColor;
				CODE_SIGN_ENTITLEMENTS = HabitLandWidget/HabitLandWidget.entitlements;
				CODE_SIGN_STYLE = Automatic;
				CURRENT_PROJECT_VERSION = 1;
				DEVELOPMENT_TEAM = 32SSMH2HFF;
				GENERATE_INFOPLIST_FILE = YES;
				INFOPLIST_KEY_CFBundleDisplayName = HabitLandWidget;
				INFOPLIST_KEY_NSHumanReadableCopyright = "";
				IPHONEOS_DEPLOYMENT_TARGET = 17.0;
				LD_RUNPATH_SEARCH_PATHS = (
					"$(inherited)",
					"@executable_path/Frameworks",
					"@executable_path/../../Frameworks",
				);
				MARKETING_VERSION = 1.0;
				PRODUCT_BUNDLE_IDENTIFIER = azc.HabitLand.HabitLandWidget;
				PRODUCT_NAME = "$(TARGET_NAME)";
				SKIP_INSTALL = YES;
				SWIFT_ACTIVE_COMPILATION_CONDITIONS = "WIDGET_EXTENSION $(inherited)";
				SWIFT_EMIT_LOC_STRINGS = YES;
				SWIFT_VERSION = 5.0;
				TARGETED_DEVICE_FAMILY = "1,2";
			};
			name = Debug;
		};
		AA1BE9D82F68400100B17D4A /* Release */ = {
			isa = XCBuildConfiguration;
			buildSettings = {
				ASSETCATALOG_COMPILER_GLOBAL_ACCENT_COLOR_NAME = AccentColor;
				CODE_SIGN_ENTITLEMENTS = HabitLandWidget/HabitLandWidget.entitlements;
				CODE_SIGN_STYLE = Automatic;
				CURRENT_PROJECT_VERSION = 1;
				DEVELOPMENT_TEAM = 32SSMH2HFF;
				GENERATE_INFOPLIST_FILE = YES;
				INFOPLIST_KEY_CFBundleDisplayName = HabitLandWidget;
				INFOPLIST_KEY_NSHumanReadableCopyright = "";
				IPHONEOS_DEPLOYMENT_TARGET = 17.0;
				LD_RUNPATH_SEARCH_PATHS = (
					"$(inherited)",
					"@executable_path/Frameworks",
					"@executable_path/../../Frameworks",
				);
				MARKETING_VERSION = 1.0;
				PRODUCT_BUNDLE_IDENTIFIER = azc.HabitLand.HabitLandWidget;
				PRODUCT_NAME = "$(TARGET_NAME)";
				SKIP_INSTALL = YES;
				SWIFT_ACTIVE_COMPILATION_CONDITIONS = "WIDGET_EXTENSION $(inherited)";
				SWIFT_EMIT_LOC_STRINGS = YES;
				SWIFT_VERSION = 5.0;
				TARGETED_DEVICE_FAMILY = "1,2";
			};
			name = Release;
		};
		BB1BE9E72F68500100B17D4A /* Debug */ = {
			isa = XCBuildConfiguration;
			buildSettings = {
				ASSETCATALOG_COMPILER_APPICON_NAME = AppIcon;
				ASSETCATALOG_COMPILER_GLOBAL_ACCENT_COLOR_NAME = AccentColor;
				CODE_SIGN_ENTITLEMENTS = HabitLandWatch/HabitLandWatch.entitlements;
				CODE_SIGN_STYLE = Automatic;
				CURRENT_PROJECT_VERSION = 1;
				DEVELOPMENT_TEAM = 32SSMH2HFF;
				GENERATE_INFOPLIST_FILE = YES;
				INFOPLIST_KEY_CFBundleDisplayName = HabitLand;
				INFOPLIST_KEY_UISupportedInterfaceOrientations = "UIInterfaceOrientationPortrait UIInterfaceOrientationPortraitUpsideDown";
				INFOPLIST_KEY_WKCompanionAppBundleIdentifier = azc.HabitLand;
				LD_RUNPATH_SEARCH_PATHS = (
					"$(inherited)",
					"@executable_path/Frameworks",
				);
				MARKETING_VERSION = 1.0;
				PRODUCT_BUNDLE_IDENTIFIER = azc.HabitLand.watchkitapp;
				PRODUCT_NAME = "$(TARGET_NAME)";
				SDKROOT = watchos;
				SKIP_INSTALL = YES;
				SWIFT_ACTIVE_COMPILATION_CONDITIONS = "WIDGET_EXTENSION $(inherited)";
				SWIFT_EMIT_LOC_STRINGS = YES;
				SWIFT_VERSION = 5.0;
				TARGETED_DEVICE_FAMILY = 4;
				WATCHOS_DEPLOYMENT_TARGET = 10.0;
			};
			name = Debug;
		};
		BB1BE9E82F68500100B17D4A /* Release */ = {
			isa = XCBuildConfiguration;
			buildSettings = {
				ASSETCATALOG_COMPILER_APPICON_NAME = AppIcon;
				ASSETCATALOG_COMPILER_GLOBAL_ACCENT_COLOR_NAME = AccentColor;
				CODE_SIGN_ENTITLEMENTS = HabitLandWatch/HabitLandWatch.entitlements;
				CODE_SIGN_STYLE = Automatic;
				CURRENT_PROJECT_VERSION = 1;
				DEVELOPMENT_TEAM = 32SSMH2HFF;
				GENERATE_INFOPLIST_FILE = YES;
				INFOPLIST_KEY_CFBundleDisplayName = HabitLand;
				INFOPLIST_KEY_UISupportedInterfaceOrientations = "UIInterfaceOrientationPortrait UIInterfaceOrientationPortraitUpsideDown";
				INFOPLIST_KEY_WKCompanionAppBundleIdentifier = azc.HabitLand;
				LD_RUNPATH_SEARCH_PATHS = (
					"$(inherited)",
					"@executable_path/Frameworks",
				);
				MARKETING_VERSION = 1.0;
				PRODUCT_BUNDLE_IDENTIFIER = azc.HabitLand.watchkitapp;
				PRODUCT_NAME = "$(TARGET_NAME)";
				SDKROOT = watchos;
				SKIP_INSTALL = YES;
				SWIFT_ACTIVE_COMPILATION_CONDITIONS = "WIDGET_EXTENSION $(inherited)";
				SWIFT_EMIT_LOC_STRINGS = YES;
				SWIFT_VERSION = 5.0;
				TARGETED_DEVICE_FAMILY = 4;
				WATCHOS_DEPLOYMENT_TARGET = 10.0;
			};
			name = Release;
		};
/* End XCBuildConfiguration section */

/* Begin XCConfigurationList section */
		2B1BE99C2F683FAF00B17D4A /* Build configuration list for PBXProject "HabitLand" */ = {
			isa = XCConfigurationList;
			buildConfigurations = (
				2B1BE9C22F683FB100B17D4A /* Debug */,
				2B1BE9C32F683FB100B17D4A /* Release */,
			);
			defaultConfigurationIsVisible = 0;
			defaultConfigurationName = Release;
		};
		2B1BE9C42F683FB100B17D4A /* Build configuration list for PBXNativeTarget "HabitLand" */ = {
			isa = XCConfigurationList;
			buildConfigurations = (
				2B1BE9C52F683FB100B17D4A /* Debug */,
				2B1BE9C62F683FB100B17D4A /* Release */,
			);
			defaultConfigurationIsVisible = 0;
			defaultConfigurationName = Release;
		};
		2B1BE9C72F683FB100B17D4A /* Build configuration list for PBXNativeTarget "HabitLandTests" */ = {
			isa = XCConfigurationList;
			buildConfigurations = (
				2B1BE9C82F683FB100B17D4A /* Debug */,
				2B1BE9C92F683FB100B17D4A /* Release */,
			);
			defaultConfigurationIsVisible = 0;
			defaultConfigurationName = Release;
		};
		2B1BE9CA2F683FB100B17D4A /* Build configuration list for PBXNativeTarget "HabitLandUITests" */ = {
			isa = XCConfigurationList;
			buildConfigurations = (
				2B1BE9CB2F683FB100B17D4A /* Debug */,
				2B1BE9CC2F683FB100B17D4A /* Release */,
			);
			defaultConfigurationIsVisible = 0;
			defaultConfigurationName = Release;
		};
		AA1BE9D92F68400100B17D4A /* Build configuration list for PBXNativeTarget "HabitLandWidgetExtension" */ = {
			isa = XCConfigurationList;
			buildConfigurations = (
				AA1BE9D72F68400100B17D4A /* Debug */,
				AA1BE9D82F68400100B17D4A /* Release */,
			);
			defaultConfigurationIsVisible = 0;
			defaultConfigurationName = Release;
		};
		BB1BE9E92F68500100B17D4A /* Build configuration list for PBXNativeTarget "HabitLandWatch Watch App" */ = {
			isa = XCConfigurationList;
			buildConfigurations = (
				BB1BE9E72F68500100B17D4A /* Debug */,
				BB1BE9E82F68500100B17D4A /* Release */,
			);
			defaultConfigurationIsVisible = 0;
			defaultConfigurationName = Release;
		};
/* End XCConfigurationList section */
	};
	rootObject = 2B1BE9992F683FAF00B17D4A /* Project object */;
}
